
Microsoft Visual Studio Solution File, Format Version 12.00
# Visual Studio Version 17
VisualStudioVersion = 17.14.36414.22 d17.14
MinimumVisualStudioVersion = 10.0.40219.1
Project("{FAE04EC0-301F-11D3-BF4B-00C04F79EFBC}") = "Division", "Division\Division.csproj", "{4434DC35-3A2D-4FD7-8BEF-2C64DC8901C7}"
EndProject
Global
	GlobalSection(SolutionConfigurationPlatforms) = preSolution
		Debug|Any CPU = Debug|Any CPU
		Release|Any CPU = Release|Any CPU
	EndGlobalSection
	GlobalSection(ProjectConfigurationPlatforms) = postSolution
		{4434DC35-3A2D-4FD7-8BEF-2C64DC8901C7}.Debug|Any CPU.ActiveCfg = Debug|Any CPU
		{4434DC35-3A2D-4FD7-8BEF-2C64DC8901C7}.Debug|Any CPU.Build.0 = Debug|Any CPU
		{4434DC35-3A2D-4FD7-8BEF-2C64DC8901C7}.Release|Any CPU.ActiveCfg = Release|Any CPU
		{4434DC35-3A2D-4FD7-8BEF-2C64DC8901C7}.Release|Any CPU.Build.0 = Release|Any CPU
	EndGlobalSection
	GlobalSection(SolutionProperties) = preSolution
		HideSolutionNode = FALSE
	EndGlobalSection
	GlobalSection(ExtensibilityGlobals) = postSolution
		SolutionGuid = {F87C2819-13F5-4318-9640-56943F017457}
	EndGlobalSection
EndGlobal
