
Microsoft Visual Studio Solution File, Format Version 12.00
# Visual Studio Version 17
VisualStudioVersion = 17.14.36414.22 d17.14
MinimumVisualStudioVersion = 10.0.40219.1
Project("{FAE04EC0-301F-11D3-BF4B-00C04F79EFBC}") = "Practica1", "Practica1\Practica1.csproj", "{D3F291B0-C6CA-4AD0-BDDC-5D8C28C8E320}"
EndProject
Global
	GlobalSection(SolutionConfigurationPlatforms) = preSolution
		Debug|Any CPU = Debug|Any CPU
		Release|Any CPU = Release|Any CPU
	EndGlobalSection
	GlobalSection(ProjectConfigurationPlatforms) = postSolution
		{D3F291B0-C6CA-4AD0-BDDC-5D8C28C8E320}.Debug|Any CPU.ActiveCfg = Debug|Any CPU
		{D3F291B0-C6CA-4AD0-BDDC-5D8C28C8E320}.Debug|Any CPU.Build.0 = Debug|Any CPU
		{D3F291B0-C6CA-4AD0-BDDC-5D8C28C8E320}.Release|Any CPU.ActiveCfg = Release|Any CPU
		{D3F291B0-C6CA-4AD0-BDDC-5D8C28C8E320}.Release|Any CPU.Build.0 = Release|Any CPU
	EndGlobalSection
	GlobalSection(SolutionProperties) = preSolution
		HideSolutionNode = FALSE
	EndGlobalSection
	GlobalSection(ExtensibilityGlobals) = postSolution
		SolutionGuid = {641ADEC2-20B6-4A29-BF33-C19FA67706BE}
	EndGlobalSection
EndGlobal
